
Microsoft Visual Studio Solution File, Format Version 12.00
# Visual Studio Version 17
VisualStudioVersion = 17.8.34330.188
MinimumVisualStudioVersion = 10.0.40219.1
Project("{FAE04EC0-301F-11D3-BF4B-00C04F79EFBC}") = "impicched_graficas", "impicched_graficas\impicched_graficas.csproj", "{F83333E7-5080-412D-84E3-411BDA11A1B8}"
EndProject
Global
	GlobalSection(SolutionConfigurationPlatforms) = preSolution
		Debug|Any CPU = Debug|Any CPU
		Release|Any CPU = Release|Any CPU
	EndGlobalSection
	GlobalSection(ProjectConfigurationPlatforms) = postSolution
		{F83333E7-5080-412D-84E3-411BDA11A1B8}.Debug|Any CPU.ActiveCfg = Debug|Any CPU
		{F83333E7-5080-412D-84E3-411BDA11A1B8}.Debug|Any CPU.Build.0 = Debug|Any CPU
		{F83333E7-5080-412D-84E3-411BDA11A1B8}.Release|Any CPU.ActiveCfg = Release|Any CPU
		{F83333E7-5080-412D-84E3-411BDA11A1B8}.Release|Any CPU.Build.0 = Release|Any CPU
	EndGlobalSection
	GlobalSection(SolutionProperties) = preSolution
		HideSolutionNode = FALSE
	EndGlobalSection
	GlobalSection(ExtensibilityGlobals) = postSolution
		SolutionGuid = {5F9D6C64-9583-4EAF-B40A-4DF1C64FCC81}
	EndGlobalSection
EndGlobal
